
Microsoft Visual Studio Solution File, Format Version 12.00
# Visual Studio Version 16
VisualStudioVersion = 16.0.31515.178
MinimumVisualStudioVersion = 10.0.40219.1
Project("{F2A71F9B-5D33-465A-A702-920D77279786}") = "ZoomStarter", "ZoomStarter\ZoomStarter.fsproj", "{861CB5A6-203F-47F0-B926-E843C298883E}"
EndProject
Global
	GlobalSection(SolutionConfigurationPlatforms) = preSolution
		Debug|Any CPU = Debug|Any CPU
		Release|Any CPU = Release|Any CPU
	EndGlobalSection
	GlobalSection(ProjectConfigurationPlatforms) = postSolution
		{861CB5A6-203F-47F0-B926-E843C298883E}.Debug|Any CPU.ActiveCfg = Debug|Any CPU
		{861CB5A6-203F-47F0-B926-E843C298883E}.Debug|Any CPU.Build.0 = Debug|Any CPU
		{861CB5A6-203F-47F0-B926-E843C298883E}.Release|Any CPU.ActiveCfg = Release|Any CPU
		{861CB5A6-203F-47F0-B926-E843C298883E}.Release|Any CPU.Build.0 = Release|Any CPU
	EndGlobalSection
	GlobalSection(SolutionProperties) = preSolution
		HideSolutionNode = FALSE
	EndGlobalSection
	GlobalSection(ExtensibilityGlobals) = postSolution
		SolutionGuid = {A7991D4E-ED19-49B8-89DB-9A2EE7FDE6D7}
	EndGlobalSection
EndGlobal
